
Microsoft Visual Studio Solution File, Format Version 12.00
# Visual Studio Version 17
VisualStudioVersion = 17.8.34511.84
MinimumVisualStudioVersion = 10.0.40219.1
Project("{FAE04EC0-301F-11D3-BF4B-00C04F79EFBC}") = "MatchGame", "MatchGame\MatchGame.csproj", "{BB8BFA6C-FFCF-4ED7-B5DC-3172B5DC9A2E}"
EndProject
Global
	GlobalSection(SolutionConfigurationPlatforms) = preSolution
		Debug|Any CPU = Debug|Any CPU
		Release|Any CPU = Release|Any CPU
	EndGlobalSection
	GlobalSection(ProjectConfigurationPlatforms) = postSolution
		{BB8BFA6C-FFCF-4ED7-B5DC-3172B5DC9A2E}.Debug|Any CPU.ActiveCfg = Debug|Any CPU
		{BB8BFA6C-FFCF-4ED7-B5DC-3172B5DC9A2E}.Debug|Any CPU.Build.0 = Debug|Any CPU
		{BB8BFA6C-FFCF-4ED7-B5DC-3172B5DC9A2E}.Release|Any CPU.ActiveCfg = Release|Any CPU
		{BB8BFA6C-FFCF-4ED7-B5DC-3172B5DC9A2E}.Release|Any CPU.Build.0 = Release|Any CPU
	EndGlobalSection
	GlobalSection(SolutionProperties) = preSolution
		HideSolutionNode = FALSE
	EndGlobalSection
	GlobalSection(ExtensibilityGlobals) = postSolution
		SolutionGuid = {64BDD52B-2626-42C9-B4C1-158941710E55}
	EndGlobalSection
EndGlobal
